
Microsoft Visual Studio Solution File, Format Version 12.00
# Visual Studio Version 17
VisualStudioVersion = 17.8.34511.84
MinimumVisualStudioVersion = 10.0.40219.1
Project("{FAE04EC0-301F-11D3-BF4B-00C04F79EFBC}") = "cartify_api", "cartify_api.csproj", "{F5ECCD1B-62F1-4DB7-AB4C-5D6D75A463C8}"
EndProject
Global
	GlobalSection(SolutionConfigurationPlatforms) = preSolution
		Debug|Any CPU = Debug|Any CPU
		Release|Any CPU = Release|Any CPU
	EndGlobalSection
	GlobalSection(ProjectConfigurationPlatforms) = postSolution
		{F5ECCD1B-62F1-4DB7-AB4C-5D6D75A463C8}.Debug|Any CPU.ActiveCfg = Debug|Any CPU
		{F5ECCD1B-62F1-4DB7-AB4C-5D6D75A463C8}.Debug|Any CPU.Build.0 = Debug|Any CPU
		{F5ECCD1B-62F1-4DB7-AB4C-5D6D75A463C8}.Release|Any CPU.ActiveCfg = Release|Any CPU
		{F5ECCD1B-62F1-4DB7-AB4C-5D6D75A463C8}.Release|Any CPU.Build.0 = Release|Any CPU
	EndGlobalSection
	GlobalSection(SolutionProperties) = preSolution
		HideSolutionNode = FALSE
	EndGlobalSection
	GlobalSection(ExtensibilityGlobals) = postSolution
		SolutionGuid = {0D7EBF25-6F6D-4812-AA8C-B7D26A5960AC}
	EndGlobalSection
EndGlobal
